
Microsoft Visual Studio Solution File, Format Version 12.00
Project("{FAE04EC0-301F-11D3-BF4B-00C04F79EFBC}") = "a982052-linebot", "a982052-linebot\a982052-linebot.csproj", "{722AE356-33AE-4109-9BAA-EFD69461D4B6}"
EndProject
Global
	GlobalSection(SolutionConfigurationPlatforms) = preSolution
		Debug|Any CPU = Debug|Any CPU
		Release|Any CPU = Release|Any CPU
	EndGlobalSection
	GlobalSection(ProjectConfigurationPlatforms) = postSolution
		{722AE356-33AE-4109-9BAA-EFD69461D4B6}.Debug|Any CPU.ActiveCfg = Debug|Any CPU
		{722AE356-33AE-4109-9BAA-EFD69461D4B6}.Debug|Any CPU.Build.0 = Debug|Any CPU
		{722AE356-33AE-4109-9BAA-EFD69461D4B6}.Release|Any CPU.ActiveCfg = Release|Any CPU
		{722AE356-33AE-4109-9BAA-EFD69461D4B6}.Release|Any CPU.Build.0 = Release|Any CPU
	EndGlobalSection
EndGlobal
